// !$*UTF8*$!
{
	archiveVersion = 1;
	classes = {
	};
	objectVersion = 54;
	objects = {

/* Begin PBXBuildFile section */
		A001 /* MultiPingApp.swift in Sources */ = {isa = PBXBuildFile; fileRef = B001 /* MultiPingApp.swift */; };
		A002 /* Device.swift in Sources */ = {isa = PBXBuildFile; fileRef = B002 /* Device.swift */; };
		A003 /* DeviceViews.swift in Sources */ = {isa = PBXBuildFile; fileRef = B003 /* DeviceViews.swift */; };
		A004 /* PingManager.swift in Sources */ = {isa = PBXBuildFile; fileRef = B004 /* PingManager.swift */; };
		A005 /* MenuBarController.swift in Sources */ = {isa = PBXBuildFile; fileRef = B005 /* MenuBarController.swift */; };
		A006 /* WindowManager.swift in Sources */ = {isa = PBXBuildFile; fileRef = B006 /* WindowManager.swift */; };
		A007 /* FloatingWindowController.swift in Sources */ = {isa = PBXBuildFile; fileRef = B007 /* FloatingWindowController.swift */; };
		A008 /* FindDevicesWindowController.swift in Sources */ = {isa = PBXBuildFile; fileRef = B008 /* FindDevicesWindowController.swift */; };
		A009 /* NetworkScanner.swift in Sources */ = {isa = PBXBuildFile; fileRef = B009 /* NetworkScanner.swift */; };
		A010 /* Protocols.swift in Sources */ = {isa = PBXBuildFile; fileRef = B010 /* Protocols.swift */; };
		A011 /* DeviceEditView.swift in Sources */ = {isa = PBXBuildFile; fileRef = B011 /* DeviceEditView.swift */; };
		A012 /* FloatingDeviceListView.swift in Sources */ = {isa = PBXBuildFile; fileRef = B012 /* FloatingDeviceListView.swift */; };
		A013 /* FileImporter.swift in Sources */ = {isa = PBXBuildFile; fileRef = B013 /* FileImporter.swift */; };
		A014 /* DeviceListDocument.swift in Sources */ = {isa = PBXBuildFile; fileRef = B014 /* DeviceListDocument.swift */; };
		A015 /* ModeSelectorWindowController.swift in Sources */ = {isa = PBXBuildFile; fileRef = B015 /* ModeSelectorWindowController.swift */; };
		A016 /* CLIRunner.swift in Sources */ = {isa = PBXBuildFile; fileRef = B016 /* CLIRunner.swift */; };
		A017 /* ContentView.swift in Sources */ = {isa = PBXBuildFile; fileRef = B017 /* ContentView.swift */; };
		A018 /* Media.xcassets in Resources */ = {isa = PBXBuildFile; fileRef = B018 /* Media.xcassets */; };
		A019 /* MultiPing.entitlements in Resources */ = {isa = PBXBuildFile; fileRef = B019 /* MultiPing.entitlements */; };
		A020 /* cli.py in Resources */ = {isa = PBXBuildFile; fileRef = B020 /* cli.py */; };
/* End PBXBuildFile section */

/* Begin PBXFileReference section */
		7DE12D4A2DA1D1640000F6A2 /* MultiPing.app */ = {isa = PBXFileReference; explicitFileType = wrapper.application; includeInIndex = 0; path = MultiPing.app; sourceTree = BUILT_PRODUCTS_DIR; };
		B001 /* MultiPingApp.swift */ = {isa = PBXFileReference; lastKnownFileType = sourcecode.swift; path = MultiPingApp.swift; sourceTree = "<group>"; };
		B002 /* Device.swift */ = {isa = PBXFileReference; lastKnownFileType = sourcecode.swift; path = Device.swift; sourceTree = "<group>"; };
		B003 /* DeviceViews.swift */ = {isa = PBXFileReference; lastKnownFileType = sourcecode.swift; path = DeviceViews.swift; sourceTree = "<group>"; };
		B004 /* PingManager.swift */ = {isa = PBXFileReference; lastKnownFileType = sourcecode.swift; path = PingManager.swift; sourceTree = "<group>"; };
		B005 /* MenuBarController.swift */ = {isa = PBXFileReference; lastKnownFileType = sourcecode.swift; path = MenuBarController.swift; sourceTree = "<group>"; };
		B006 /* WindowManager.swift */ = {isa = PBXFileReference; lastKnownFileType = sourcecode.swift; path = WindowManager.swift; sourceTree = "<group>"; };
		B007 /* FloatingWindowController.swift */ = {isa = PBXFileReference; lastKnownFileType = sourcecode.swift; path = FloatingWindowController.swift; sourceTree = "<group>"; };
		B008 /* FindDevicesWindowController.swift */ = {isa = PBXFileReference; lastKnownFileType = sourcecode.swift; path = FindDevicesWindowController.swift; sourceTree = "<group>"; };
		B009 /* NetworkScanner.swift */ = {isa = PBXFileReference; lastKnownFileType = sourcecode.swift; path = NetworkScanner.swift; sourceTree = "<group>"; };
		B010 /* Protocols.swift */ = {isa = PBXFileReference; lastKnownFileType = sourcecode.swift; path = Protocols.swift; sourceTree = "<group>"; };
		B011 /* DeviceEditView.swift */ = {isa = PBXFileReference; lastKnownFileType = sourcecode.swift; path = DeviceEditView.swift; sourceTree = "<group>"; };
		B012 /* FloatingDeviceListView.swift */ = {isa = PBXFileReference; lastKnownFileType = sourcecode.swift; path = FloatingDeviceListView.swift; sourceTree = "<group>"; };
		B013 /* FileImporter.swift */ = {isa = PBXFileReference; lastKnownFileType = sourcecode.swift; path = FileImporter.swift; sourceTree = "<group>"; };
		B014 /* DeviceListDocument.swift */ = {isa = PBXFileReference; lastKnownFileType = sourcecode.swift; path = DeviceListDocument.swift; sourceTree = "<group>"; };
		B015 /* ModeSelectorWindowController.swift */ = {isa = PBXFileReference; lastKnownFileType = sourcecode.swift; path = ModeSelectorWindowController.swift; sourceTree = "<group>"; };
		B016 /* CLIRunner.swift */ = {isa = PBXFileReference; lastKnownFileType = sourcecode.swift; path = CLIRunner.swift; sourceTree = "<group>"; };
		B017 /* ContentView.swift */ = {isa = PBXFileReference; lastKnownFileType = sourcecode.swift; path = ContentView.swift; sourceTree = "<group>"; };
		B018 /* Media.xcassets */ = {isa = PBXFileReference; lastKnownFileType = folder.assetcatalog; path = Media.xcassets; sourceTree = "<group>"; };
		B019 /* MultiPing.entitlements */ = {isa = PBXFileReference; lastKnownFileType = text.plist.entitlements; path = MultiPing.entitlements; sourceTree = "<group>"; };
		B020 /* cli.py */ = {isa = PBXFileReference; lastKnownFileType = text.script.python; path = cli.py; sourceTree = "<group>"; };
		B021 /* Info.plist */ = {isa = PBXFileReference; lastKnownFileType = text.plist.xml; path = Info.plist; sourceTree = "<group>"; };
/* End PBXFileReference section */

/* Begin PBXFrameworksBuildPhase section */
		7DE12D472DA1D1640000F6A2 /* Frameworks */ = {
			isa = PBXFrameworksBuildPhase;
			buildActionMask = 2147483647;
			files = (
			);
			runOnlyForDeploymentPostprocessing = 0;
		};
/* End PBXFrameworksBuildPhase section */

/* Begin PBXGroup section */
		7DE12D412DA1D1640000F6A2 = {
			isa = PBXGroup;
			children = (
				7DE12D4C2DA1D1640000F6A2 /* MultiPing */,
				7DE12D4B2DA1D1640000F6A2 /* Products */,
			);
			sourceTree = "<group>";
		};
		7DE12D4B2DA1D1640000F6A2 /* Products */ = {
			isa = PBXGroup;
			children = (
				7DE12D4A2DA1D1640000F6A2 /* MultiPing.app */,
			);
			name = Products;
			sourceTree = "<group>";
		};
		7DE12D4C2DA1D1640000F6A2 /* MultiPing */ = {
			isa = PBXGroup;
			children = (
				B001 /* MultiPingApp.swift */,
				B002 /* Device.swift */,
				B003 /* DeviceViews.swift */,
				B011 /* DeviceEditView.swift */,
				B014 /* DeviceListDocument.swift */,
				B004 /* PingManager.swift */,
				B005 /* MenuBarController.swift */,
				B006 /* WindowManager.swift */,
				B007 /* FloatingWindowController.swift */,
				B008 /* FindDevicesWindowController.swift */,
				B012 /* FloatingDeviceListView.swift */,
				B009 /* NetworkScanner.swift */,
				B010 /* Protocols.swift */,
				B013 /* FileImporter.swift */,
				B015 /* ModeSelectorWindowController.swift */,
				B016 /* CLIRunner.swift */,
				B017 /* ContentView.swift */,
				B018 /* Media.xcassets */,
				B019 /* MultiPing.entitlements */,
				B020 /* cli.py */,
				B021 /* Info.plist */,
			);
			path = MultiPing;
			sourceTree = "<group>";
		};
/* End PBXGroup section */

/* Begin PBXNativeTarget section */
		7DE12D492DA1D1640000F6A2 /* MultiPing */ = {
			isa = PBXNativeTarget;
			buildConfigurationList = 7DE12D6C2DA1D1650000F6A2 /* Build configuration list for PBXNativeTarget "MultiPing" */;
			buildPhases = (
				7DE12D462DA1D1640000F6A2 /* Sources */,
				7DE12D472DA1D1640000F6A2 /* Frameworks */,
				7DE12D482DA1D1640000F6A2 /* Resources */,
			);
			buildRules = (
			);
			dependencies = (
			);
			name = MultiPing;
			productName = MultiPing;
			productReference = 7DE12D4A2DA1D1640000F6A2 /* MultiPing.app */;
			productType = "com.apple.product-type.application";
		};
/* End PBXNativeTarget section */

/* Begin PBXProject section */
		7DE12D422DA1D1640000F6A2 /* Project object */ = {
			isa = PBXProject;
			attributes = {
				BuildIndependentTargetsInParallel = 1;
				LastSwiftUpdateCheck = 1540;
				LastUpgradeCheck = 1540;
				TargetAttributes = {
					7DE12D492DA1D1640000F6A2 = {
						CreatedOnToolsVersion = 15.4;
					};
				};
			};
			buildConfigurationList = 7DE12D452DA1D1640000F6A2 /* Build configuration list for PBXProject "MultiPing" */;
			compatibilityVersion = "Xcode 12.0";
			developmentRegion = en;
			hasScannedForEncodings = 0;
			knownRegions = (
				en,
				Base,
			);
			mainGroup = 7DE12D412DA1D1640000F6A2;
			productRefGroup = 7DE12D4B2DA1D1640000F6A2 /* Products */;
			projectDirPath = "";
			projectRoot = "";
			targets = (
				7DE12D492DA1D1640000F6A2 /* MultiPing */,
			);
		};
/* End PBXProject section */

/* Begin PBXResourcesBuildPhase section */
		7DE12D482DA1D1640000F6A2 /* Resources */ = {
			isa = PBXResourcesBuildPhase;
			buildActionMask = 2147483647;
			files = (
				A018 /* Media.xcassets in Resources */,
				A019 /* MultiPing.entitlements in Resources */,
				A020 /* cli.py in Resources */,
			);
			runOnlyForDeploymentPostprocessing = 0;
		};
/* End PBXResourcesBuildPhase section */

/* Begin PBXSourcesBuildPhase section */
		7DE12D462DA1D1640000F6A2 /* Sources */ = {
			isa = PBXSourcesBuildPhase;
			buildActionMask = 2147483647;
			files = (
				A001 /* MultiPingApp.swift in Sources */,
				A002 /* Device.swift in Sources */,
				A003 /* DeviceViews.swift in Sources */,
				A004 /* PingManager.swift in Sources */,
				A005 /* MenuBarController.swift in Sources */,
				A006 /* WindowManager.swift in Sources */,
				A007 /* FloatingWindowController.swift in Sources */,
				A008 /* FindDevicesWindowController.swift in Sources */,
				A009 /* NetworkScanner.swift in Sources */,
				A010 /* Protocols.swift in Sources */,
				A011 /* DeviceEditView.swift in Sources */,
				A012 /* FloatingDeviceListView.swift in Sources */,
				A013 /* FileImporter.swift in Sources */,
				A014 /* DeviceListDocument.swift in Sources */,
				A015 /* ModeSelectorWindowController.swift in Sources */,
				A016 /* CLIRunner.swift in Sources */,
				A017 /* ContentView.swift in Sources */,
			);
			runOnlyForDeploymentPostprocessing = 0;
		};
/* End PBXSourcesBuildPhase section */

/* Begin XCBuildConfiguration section */
		7DE12D6A2DA1D1650000F6A2 /* Debug */ = {
			isa = XCBuildConfiguration;
			buildSettings = {
				ALWAYS_SEARCH_USER_PATHS = NO;
				ASSETCATALOG_COMPILER_GENERATE_SWIFT_ASSET_SYMBOL_EXTENSIONS = YES;
				CLANG_ANALYZER_NONNULL = YES;
				CLANG_ANALYZER_NUMBER_OBJECT_CONVERSION = YES_AGGRESSIVE;
				CLANG_CXX_LANGUAGE_STANDARD = "gnu++20";
				CLANG_ENABLE_MODULES = YES;
				CLANG_ENABLE_OBJC_ARC = YES;
				CLANG_ENABLE_OBJC_WEAK = YES;
				CLANG_WARN_BLOCK_CAPTURE_AUTORELEASING = YES;
				CLANG_WARN_BOOL_CONVERSION = YES;
				CLANG_WARN_COMMA = YES;
				CLANG_WARN_CONSTANT_CONVERSION = YES;
				CLANG_WARN_DEPRECATED_OBJC_IMPLEMENTATIONS = YES;
				CLANG_WARN_DIRECT_OBJC_ISA_USAGE = YES_ERROR;
				CLANG_WARN_DOCUMENTATION_COMMENTS = YES;
				CLANG_WARN_EMPTY_BODY = YES;
				CLANG_WARN_ENUM_CONVERSION = YES;
				CLANG_WARN_INFINITE_RECURSION = YES;
				CLANG_WARN_INT_CONVERSION = YES;
				CLANG_WARN_NON_LITERAL_NULL_CONVERSION = YES;
				CLANG_WARN_OBJC_IMPLICIT_RETAIN_SELF = YES;
				CLANG_WARN_OBJC_LITERAL_CONVERSION = YES;
				CLANG_WARN_OBJC_ROOT_CLASS = YES_ERROR;
				CLANG_WARN_QUOTED_INCLUDE_IN_FRAMEWORK_HEADER = YES;
				CLANG_WARN_RANGE_LOOP_ANALYSIS = YES;
				CLANG_WARN_STRICT_PROTOTYPES = YES;
				CLANG_WARN_SUSPICIOUS_MOVE = YES;
				CLANG_WARN_UNGUARDED_AVAILABILITY = YES_AGGRESSIVE;
				CLANG_WARN_UNREACHABLE_CODE = YES;
				CLANG_WARN__DUPLICATE_METHOD_MATCH = YES;
				COPY_PHASE_STRIP = NO;
				DEBUG_INFORMATION_FORMAT = dwarf;
				ENABLE_STRICT_OBJC_MSGSEND = YES;
				ENABLE_TESTABILITY = YES;
				ENABLE_USER_SCRIPT_SANDBOXING = YES;
				GCC_C_LANGUAGE_STANDARD = gnu17;
				GCC_DYNAMIC_NO_PIC = NO;
				GCC_NO_COMMON_BLOCKS = YES;
				GCC_OPTIMIZATION_LEVEL = 0;
				GCC_PREPROCESSOR_DEFINITIONS = (
					"DEBUG=1",
					"$(inherited)",
				);
				GCC_WARN_64_TO_32_BIT_CONVERSION = YES;
				GCC_WARN_ABOUT_RETURN_TYPE = YES_ERROR;
				GCC_WARN_UNDECLARED_SELECTOR = YES;
				GCC_WARN_UNINITIALIZED_AUTOS = YES_AGGRESSIVE;
				GCC_WARN_UNUSED_FUNCTION = YES;
				GCC_WARN_UNUSED_VARIABLE = YES;
				LOCALIZATION_PREFERS_STRING_CATALOGS = YES;
				MACOSX_DEPLOYMENT_TARGET = 13.0;
				MTL_ENABLE_DEBUG_INFO = INCLUDE_SOURCE;
				MTL_FAST_MATH = YES;
				ONLY_ACTIVE_ARCH = YES;
				SDKROOT = macosx;
				SWIFT_ACTIVE_COMPILATION_CONDITIONS = "DEBUG $(inherited)";
				SWIFT_OPTIMIZATION_LEVEL = "-Onone";
			};
			name = Debug;
		};
		7DE12D6B2DA1D1650000F6A2 /* Release */ = {
			isa = XCBuildConfiguration;
			buildSettings = {
				ALWAYS_SEARCH_USER_PATHS = NO;
				ASSETCATALOG_COMPILER_GENERATE_SWIFT_ASSET_SYMBOL_EXTENSIONS = YES;
				CLANG_ANALYZER_NONNULL = YES;
				CLANG_ANALYZER_NUMBER_OBJECT_CONVERSION = YES_AGGRESSIVE;
				CLANG_CXX_LANGUAGE_STANDARD = "gnu++20";
				CLANG_ENABLE_MODULES = YES;
				CLANG_ENABLE_OBJC_ARC = YES;
				CLANG_ENABLE_OBJC_WEAK = YES;
				CLANG_WARN_BLOCK_CAPTURE_AUTORELEASING = YES;
				CLANG_WARN_BOOL_CONVERSION = YES;
				CLANG_WARN_COMMA = YES;
				CLANG_WARN_CONSTANT_CONVERSION = YES;
				CLANG_WARN_DEPRECATED_OBJC_IMPLEMENTATIONS = YES;
				CLANG_WARN_DIRECT_OBJC_ISA_USAGE = YES_ERROR;
				CLANG_WARN_DOCUMENTATION_COMMENTS = YES;
				CLANG_WARN_EMPTY_BODY = YES;
				CLANG_WARN_ENUM_CONVERSION = YES;
				CLANG_WARN_INFINITE_RECURSION = YES;
				CLANG_WARN_INT_CONVERSION = YES;
				CLANG_WARN_NON_LITERAL_NULL_CONVERSION = YES;
				CLANG_WARN_OBJC_IMPLICIT_RETAIN_SELF = YES;
				CLANG_WARN_OBJC_LITERAL_CONVERSION = YES;
				CLANG_WARN_OBJC_ROOT_CLASS = YES_ERROR;
				CLANG_WARN_QUOTED_INCLUDE_IN_FRAMEWORK_HEADER = YES;
				CLANG_WARN_RANGE_LOOP_ANALYSIS = YES;
				CLANG_WARN_STRICT_PROTOTYPES = YES;
				CLANG_WARN_SUSPICIOUS_MOVE = YES;
				CLANG_WARN_UNGUARDED_AVAILABILITY = YES_AGGRESSIVE;
				CLANG_WARN_UNREACHABLE_CODE = YES;
				CLANG_WARN__DUPLICATE_METHOD_MATCH = YES;
				COPY_PHASE_STRIP = NO;
				DEBUG_INFORMATION_FORMAT = "dwarf-with-dsym";
				ENABLE_NS_ASSERTIONS = NO;
				ENABLE_STRICT_OBJC_MSGSEND = YES;
				ENABLE_USER_SCRIPT_SANDBOXING = YES;
				GCC_C_LANGUAGE_STANDARD = gnu17;
				GCC_NO_COMMON_BLOCKS = YES;
				GCC_WARN_64_TO_32_BIT_CONVERSION = YES;
				GCC_WARN_ABOUT_RETURN_TYPE = YES_ERROR;
				GCC_WARN_UNDECLARED_SELECTOR = YES;
				GCC_WARN_UNINITIALIZED_AUTOS = YES_AGGRESSIVE;
				GCC_WARN_UNUSED_FUNCTION = YES;
				GCC_WARN_UNUSED_VARIABLE = YES;
				LOCALIZATION_PREFERS_STRING_CATALOGS = YES;
				MACOSX_DEPLOYMENT_TARGET = 13.0;
				MTL_ENABLE_DEBUG_INFO = NO;
				MTL_FAST_MATH = YES;
				SDKROOT = macosx;
				SWIFT_COMPILATION_MODE = wholemodule;
			};
			name = Release;
		};
		7DE12D6D2DA1D1650000F6A2 /* Debug */ = {
			isa = XCBuildConfiguration;
			buildSettings = {
				ASSETCATALOG_COMPILER_APPICON_NAME = AppIcon;
				ASSETCATALOG_COMPILER_GLOBAL_ACCENT_COLOR_NAME = AccentColor;
				CODE_SIGN_ENTITLEMENTS = MultiPing/MultiPing.entitlements;
				CODE_SIGN_STYLE = Automatic;
				COMBINE_HIDPI_IMAGES = YES;
				CURRENT_PROJECT_VERSION = 1;
				ENABLE_PREVIEWS = YES;
				GENERATE_INFOPLIST_FILE = YES;
				INFOPLIST_FILE = MultiPing/Info.plist;
				INFOPLIST_KEY_CFBundleDisplayName = MultiPing;
				INFOPLIST_KEY_LSApplicationCategoryType = "public.app-category.utilities";
				INFOPLIST_KEY_NSHumanReadableCopyright = "";
				LD_RUNPATH_SEARCH_PATHS = (
					"$(inherited)",
					"@executable_path/../Frameworks",
				);
				MARKETING_VERSION = 1.6;
				PRODUCT_BUNDLE_IDENTIFIER = com.multiping.app;
				PRODUCT_NAME = "$(TARGET_NAME)";
				SWIFT_EMIT_LOC_STRINGS = YES;
				SWIFT_VERSION = 5.0;
			};
			name = Debug;
		};
		7DE12D6E2DA1D1650000F6A2 /* Release */ = {
			isa = XCBuildConfiguration;
			buildSettings = {
				ASSETCATALOG_COMPILER_APPICON_NAME = AppIcon;
				ASSETCATALOG_COMPILER_GLOBAL_ACCENT_COLOR_NAME = AccentColor;
				CODE_SIGN_ENTITLEMENTS = MultiPing/MultiPing.entitlements;
				CODE_SIGN_STYLE = Automatic;
				COMBINE_HIDPI_IMAGES = YES;
				CURRENT_PROJECT_VERSION = 1;
				ENABLE_PREVIEWS = YES;
				GENERATE_INFOPLIST_FILE = YES;
				INFOPLIST_FILE = MultiPing/Info.plist;
				INFOPLIST_KEY_CFBundleDisplayName = MultiPing;
				INFOPLIST_KEY_LSApplicationCategoryType = "public.app-category.utilities";
				INFOPLIST_KEY_NSHumanReadableCopyright = "";
				LD_RUNPATH_SEARCH_PATHS = (
					"$(inherited)",
					"@executable_path/../Frameworks",
				);
				MARKETING_VERSION = 1.6;
				PRODUCT_BUNDLE_IDENTIFIER = com.multiping.app;
				PRODUCT_NAME = "$(TARGET_NAME)";
				SWIFT_EMIT_LOC_STRINGS = YES;
				SWIFT_VERSION = 5.0;
			};
			name = Release;
		};
/* End XCBuildConfiguration section */

/* Begin XCConfigurationList section */
		7DE12D452DA1D1640000F6A2 /* Build configuration list for PBXProject "MultiPing" */ = {
			isa = XCConfigurationList;
			buildConfigurations = (
				7DE12D6A2DA1D1650000F6A2 /* Debug */,
				7DE12D6B2DA1D1650000F6A2 /* Release */,
			);
			defaultConfigurationIsVisible = 0;
			defaultConfigurationName = Release;
		};
		7DE12D6C2DA1D1650000F6A2 /* Build configuration list for PBXNativeTarget "MultiPing" */ = {
			isa = XCConfigurationList;
			buildConfigurations = (
				7DE12D6D2DA1D1650000F6A2 /* Debug */,
				7DE12D6E2DA1D1650000F6A2 /* Release */,
			);
			defaultConfigurationIsVisible = 0;
			defaultConfigurationName = Release;
		};
/* End XCConfigurationList section */
	};
	rootObject = 7DE12D422DA1D1640000F6A2 /* Project object */;
}
