// !$*UTF8*$!
{
	archiveVersion = 1;
	classes = {
	};
	objectVersion = 56;
	objects = {

/* Begin PBXContainerItemProxy section */
		7DE12D592DA1D1650000F6A2 /* PBXContainerItemProxy */ = {
			isa = PBXContainerItemProxy;
			containerPortal = 7DE12D422DA1D1640000F6A2 /* Project object */;
			proxyType = 1;
			remoteGlobalIDString = 7DE12D492DA1D1640000F6A2;
			remoteInfo = MultiPing;
		};
		7DE12D632DA1D1650000F6A2 /* PBXContainerItemProxy */ = {
			isa = PBXContainerItemProxy;
			containerPortal = 7DE12D422DA1D1640000F6A2 /* Project object */;
			proxyType = 1;
			remoteGlobalIDString = 7DE12D492DA1D1640000F6A2;
			remoteInfo = MultiPing;
		};
/* End PBXContainerItemProxy section */

/* Begin PBXFileReference section */
		7DE12D4A2DA1D1640000F6A2 /* MultiPing.app */ = {isa = PBXFileReference; explicitFileType = wrapper.application; includeInIndex = 0; path = MultiPing.app; sourceTree = BUILT_PRODUCTS_DIR; };
		7DE12D582DA1D1650000F6A2 /* MultiPingTests.xctest */ = {isa = PBXFileReference; explicitFileType = wrapper.cfbundle; includeInIndex = 0; path = MultiPingTests.xctest; sourceTree = BUILT_PRODUCTS_DIR; };
		7DE12D622DA1D1650000F6A2 /* MultiPingUITests.xctest */ = {isa = PBXFileReference; explicitFileType = wrapper.cfbundle; includeInIndex = 0; path = MultiPingUITests.xctest; sourceTree = BUILT_PRODUCTS_DIR; };
/* End PBXFileReference section */

/* Begin PBXFileSystemSynchronizedRootGroup section */
		7DE12D4C2DA1D1640000F6A2 /* MultiPing */ = {
			isa = PBXFileSystemSynchronizedRootGroup;
			path = MultiPing;
			sourceTree = "<group>";
		};
		7DE12D5B2DA1D1650000F6A2 /* MultiPingTests */ = {
			isa = PBXFileSystemSynchronizedRootGroup;
			path = MultiPingTests;
			sourceTree = "<group>";
		};
		7DE12D652DA1D1650000F6A2 /* MultiPingUITests */ = {
			isa = PBXFileSystemSynchronizedRootGroup;
			path = MultiPingUITests;
			sourceTree = "<group>";
		};
/* End PBXFileSystemSynchronizedRootGroup section */

/* Begin PBXFrameworksBuildPhase section */
		7DE12D472DA1D1640000F6A2 /* Frameworks */ = {
			isa = PBXFrameworksBuildPhase;
			buildActionMask = 2147483647;
			files = (
			);
			runOnlyForDeploymentPostprocessing = 0;
		};
		7DE12D552DA1D1650000F6A2 /* Frameworks */ = {
			isa = PBXFrameworksBuildPhase;
			buildActionMask = 2147483647;
			files = (
			);
			runOnlyForDeploymentPostprocessing = 0;
		};
		7DE12D5F2DA1D1650000F6A2 /* Frameworks */ = {
			isa = PBXFrameworksBuildPhase;
			buildActionMask = 2147483647;
			files = (
			);
			runOnlyForDeploymentPostprocessing = 0;
		};
/* End PBXFrameworksBuildPhase section */

/* Begin PBXGroup section */
		7DE12D412DA1D1640000F6A2 = {
			isa = PBXGroup;
			children = (
				7DE12D4C2DA1D1640000F6A2 /* MultiPing */,
				7DE12D5B2DA1D1650000F6A2 /* MultiPingTests */,
				7DE12D652DA1D1650000F6A2 /* MultiPingUITests */,
				7DE12D4B2DA1D1640000F6A2 /* Products */,
			);
			sourceTree = "<group>";
		};
		7DE12D4B2DA1D1640000F6A2 /* Products */ = {
			isa = PBXGroup;
			children = (
				7DE12D4A2DA1D1640000F6A2 /* MultiPing.app */,
				7DE12D582DA1D1650000F6A2 /* MultiPingTests.xctest */,
				7DE12D622DA1D1650000F6A2 /* MultiPingUITests.xctest */,
			);
			name = Products;
			sourceTree = "<group>";
		};
/* End PBXGroup section */

/* Begin PBXNativeTarget section */
		7DE12D492DA1D1640000F6A2 /* MultiPing */ = {
			isa = PBXNativeTarget;
			buildConfigurationList = 7DE12D6C2DA1D1650000F6A2 /* Build configuration list for PBXNativeTarget "MultiPing" */;
			buildPhases = (
				7DE12D462DA1D1640000F6A2 /* Sources */,
				7DE12D472DA1D1640000F6A2 /* Frameworks */,
				7DE12D482DA1D1640000F6A2 /* Resources */,
			);
			buildRules = (
			);
			dependencies = (
			);
			fileSystemSynchronizedGroups = (
				7DE12D4C2DA1D1640000F6A2 /* MultiPing */,
			);
			name = MultiPing;
			packageProductDependencies = (
			);
			productName = MultiPing;
			productReference = 7DE12D4A2DA1D1640000F6A2 /* MultiPing.app */;
			productType = "com.apple.product-type.application";
		};
		7DE12D572DA1D1650000F6A2 /* MultiPingTests */ = {
			isa = PBXNativeTarget;
			buildConfigurationList = 7DE12D6F2DA1D1650000F6A2 /* Build configuration list for PBXNativeTarget "MultiPingTests" */;
			buildPhases = (
				7DE12D542DA1D1650000F6A2 /* Sources */,
				7DE12D552DA1D1650000F6A2 /* Frameworks */,
				7DE12D562DA1D1650000F6A2 /* Resources */,
			);
			buildRules = (
			);
			dependencies = (
				7DE12D5A2DA1D1650000F6A2 /* PBXTargetDependency */,
			);
			fileSystemSynchronizedGroups = (
				7DE12D5B2DA1D1650000F6A2 /* MultiPingTests */,
			);
			name = MultiPingTests;
			packageProductDependencies = (
			);
			productName = MultiPingTests;
			productReference = 7DE12D582DA1D1650000F6A2 /* MultiPingTests.xctest */;
			productType = "com.apple.product-type.bundle.unit-test";
		};
		7DE12D612DA1D1650000F6A2 /* MultiPingUITests */ = {
			isa = PBXNativeTarget;
			buildConfigurationList = 7DE12D722DA1D1650000F6A2 /* Build configuration list for PBXNativeTarget "MultiPingUITests" */;
			buildPhases = (
				7DE12D5E2DA1D1650000F6A2 /* Sources */,
				7DE12D5F2DA1D1650000F6A2 /* Frameworks */,
				7DE12D602DA1D1650000F6A2 /* Resources */,
			);
			buildRules = (
			);
			dependencies = (
				7DE12D642DA1D1650000F6A2 /* PBXTargetDependency */,
			);
			fileSystemSynchronizedGroups = (
				7DE12D652DA1D1650000F6A2 /* MultiPingUITests */,
			);
			name = MultiPingUITests;
			packageProductDependencies = (
			);
			productName = MultiPingUITests;
			productReference = 7DE12D622DA1D1650000F6A2 /* MultiPingUITests.xctest */;
			productType = "com.apple.product-type.bundle.ui-testing";
		};
/* End PBXNativeTarget section */

/* Begin PBXProject section */
		7DE12D422DA1D1640000F6A2 /* Project object */ = {
			isa = PBXProject;
			attributes = {
				BuildIndependentTargetsInParallel = 1;
				LastSwiftUpdateCheck = 1630;
				LastUpgradeCheck = 1630;
				TargetAttributes = {
					7DE12D492DA1D1640000F6A2 = {
						CreatedOnToolsVersion = 16.3;
					};
					7DE12D572DA1D1650000F6A2 = {
						CreatedOnToolsVersion = 16.3;
						TestTargetID = 7DE12D492DA1D1640000F6A2;
					};
					7DE12D612DA1D1650000F6A2 = {
						CreatedOnToolsVersion = 16.3;
						TestTargetID = 7DE12D492DA1D1640000F6A2;
					};
				};
			};
			buildConfigurationList = 7DE12D452DA1D1640000F6A2 /* Build configuration list for PBXProject "MultiPing" */;
			developmentRegion = en;
			hasScannedForEncodings = 0;
			knownRegions = (
				en,
				Base,
			);
			mainGroup = 7DE12D412DA1D1640000F6A2;
			minimizedProjectReferenceProxies = 1;
			preferredProjectObjectVersion = 77;
			productRefGroup = 7DE12D4B2DA1D1640000F6A2 /* Products */;
			projectDirPath = "";
			projectRoot = "";
			targets = (
				7DE12D492DA1D1640000F6A2 /* MultiPing */,
				7DE12D572DA1D1650000F6A2 /* MultiPingTests */,
				7DE12D612DA1D1650000F6A2 /* MultiPingUITests */,
			);
		};
/* End PBXProject section */

/* Begin PBXResourcesBuildPhase section */
		7DE12D482DA1D1640000F6A2 /* Resources */ = {
			isa = PBXResourcesBuildPhase;
			buildActionMask = 2147483647;
			files = (
			);
			runOnlyForDeploymentPostprocessing = 0;
		};
		7DE12D562DA1D1650000F6A2 /* Resources */ = {
			isa = PBXResourcesBuildPhase;
			buildActionMask = 2147483647;
			files = (
			);
			runOnlyForDeploymentPostprocessing = 0;
		};
		7DE12D602DA1D1650000F6A2 /* Resources */ = {
			isa = PBXResourcesBuildPhase;
			buildActionMask = 2147483647;
			files = (
			);
			runOnlyForDeploymentPostprocessing = 0;
		};
/* End PBXResourcesBuildPhase section */

/* Begin PBXSourcesBuildPhase section */
		7DE12D462DA1D1640000F6A2 /* Sources */ = {
			isa = PBXSourcesBuildPhase;
			buildActionMask = 2147483647;
			files = (
			);
			runOnlyForDeploymentPostprocessing = 0;
		};
		7DE12D542DA1D1650000F6A2 /* Sources */ = {
			isa = PBXSourcesBuildPhase;
			buildActionMask = 2147483647;
			files = (
			);
			runOnlyForDeploymentPostprocessing = 0;
		};
		7DE12D5E2DA1D1650000F6A2 /* Sources */ = {
			isa = PBXSourcesBuildPhase;
			buildActionMask = 2147483647;
			files = (
			);
			runOnlyForDeploymentPostprocessing = 0;
		};
/* End PBXSourcesBuildPhase section */

/* Begin PBXTargetDependency section */
		7DE12D5A2DA1D1650000F6A2 /* PBXTargetDependency */ = {
			isa = PBXTargetDependency;
			target = 7DE12D492DA1D1640000F6A2 /* MultiPing */;
			targetProxy = 7DE12D592DA1D1650000F6A2 /* PBXContainerItemProxy */;
		};
		7DE12D642DA1D1650000F6A2 /* PBXTargetDependency */ = {
			isa = PBXTargetDependency;
			target = 7DE12D492DA1D1640000F6A2 /* MultiPing */;
			targetProxy = 7DE12D632DA1D1650000F6A2 /* PBXContainerItemProxy */;
		};
/* End PBXTargetDependency section */

/* Begin XCBuildConfiguration section */
		7DE12D6A2DA1D1650000F6A2 /* Debug */ = {
			isa = XCBuildConfiguration;
			buildSettings = {
				ALWAYS_SEARCH_USER_PATHS = NO;
				ASSETCATALOG_COMPILER_GENERATE_SWIFT_ASSET_SYMBOL_EXTENSIONS = YES;
				CLANG_ANALYZER_NONNULL = YES;
				CLANG_ANALYZER_NUMBER_OBJECT_CONVERSION = YES_AGGRESSIVE;
				CLANG_CXX_LANGUAGE_STANDARD = "gnu++20";
				CLANG_ENABLE_MODULES = YES;
				CLANG_ENABLE_OBJC_ARC = YES;
				CLANG_ENABLE_OBJC_WEAK = YES;
				CLANG_WARN_BLOCK_CAPTURE_AUTORELEASING = YES;
				CLANG_WARN_BOOL_CONVERSION = YES;
				CLANG_WARN_COMMA = YES;
				CLANG_WARN_CONSTANT_CONVERSION = YES;
				CLANG_WARN_DEPRECATED_OBJC_IMPLEMENTATIONS = YES;
				CLANG_WARN_DIRECT_OBJC_ISA_USAGE = YES_ERROR;
				CLANG_WARN_DOCUMENTATION_COMMENTS = YES;
				CLANG_WARN_EMPTY_BODY = YES;
				CLANG_WARN_ENUM_CONVERSION = YES;
				CLANG_WARN_INFINITE_RECURSION = YES;
				CLANG_WARN_INT_CONVERSION = YES;
				CLANG_WARN_NON_LITERAL_NULL_CONVERSION = YES;
				CLANG_WARN_OBJC_IMPLICIT_RETAIN_SELF = YES;
				CLANG_WARN_OBJC_LITERAL_CONVERSION = YES;
				CLANG_WARN_OBJC_ROOT_CLASS = YES_ERROR;
				CLANG_WARN_QUOTED_INCLUDE_IN_FRAMEWORK_HEADER = YES;
				CLANG_WARN_RANGE_LOOP_ANALYSIS = YES;
				CLANG_WARN_STRICT_PROTOTYPES = YES;
				CLANG_WARN_SUSPICIOUS_MOVE = YES;
				CLANG_WARN_UNGUARDED_AVAILABILITY = YES_AGGRESSIVE;
				CLANG_WARN_UNREACHABLE_CODE = YES;
				CLANG_WARN__DUPLICATE_METHOD_MATCH = YES;
				COPY_PHASE_STRIP = NO;
				DEBUG_INFORMATION_FORMAT = dwarf;
				ENABLE_STRICT_OBJC_MSGSEND = YES;
				ENABLE_TESTABILITY = YES;
				ENABLE_USER_SCRIPT_SANDBOXING = YES;
				GCC_C_LANGUAGE_STANDARD = gnu17;
				GCC_DYNAMIC_NO_PIC = NO;
				GCC_NO_COMMON_BLOCKS = YES;
				GCC_OPTIMIZATION_LEVEL = 0;
				GCC_PREPROCESSOR_DEFINITIONS = (
					"DEBUG=1",
					"$(inherited)",
				);
				GCC_WARN_64_TO_32_BIT_CONVERSION = YES;
				GCC_WARN_ABOUT_RETURN_TYPE = YES_ERROR;
				GCC_WARN_UNDECLARED_SELECTOR = YES;
				GCC_WARN_UNINITIALIZED_AUTOS = YES_AGGRESSIVE;
				GCC_WARN_UNUSED_FUNCTION = YES;
				GCC_WARN_UNUSED_VARIABLE = YES;
				LOCALIZATION_PREFERS_STRING_CATALOGS = YES;
				MACOSX_DEPLOYMENT_TARGET = 13.0;
				MTL_ENABLE_DEBUG_INFO = INCLUDE_SOURCE;
				MTL_FAST_MATH = YES;
				ONLY_ACTIVE_ARCH = YES;
				SDKROOT = macosx;
				SWIFT_ACTIVE_COMPILATION_CONDITIONS = "DEBUG $(inherited)";
				SWIFT_OPTIMIZATION_LEVEL = "-Onone";
			};
			name = Debug;
		};
		7DE12D6B2DA1D1650000F6A2 /* Release */ = {
			isa = XCBuildConfiguration;
			buildSettings = {
				ALWAYS_SEARCH_USER_PATHS = NO;
				ASSETCATALOG_COMPILER_GENERATE_SWIFT_ASSET_SYMBOL_EXTENSIONS = YES;
				CLANG_ANALYZER_NONNULL = YES;
				CLANG_ANALYZER_NUMBER_OBJECT_CONVERSION = YES_AGGRESSIVE;
				CLANG_CXX_LANGUAGE_STANDARD = "gnu++20";
				CLANG_ENABLE_MODULES = YES;
				CLANG_ENABLE_OBJC_ARC = YES;
				CLANG_ENABLE_OBJC_WEAK = YES;
				CLANG_WARN_BLOCK_CAPTURE_AUTORELEASING = YES;
				CLANG_WARN_BOOL_CONVERSION = YES;
				CLANG_WARN_COMMA = YES;
				CLANG_WARN_CONSTANT_CONVERSION = YES;
				CLANG_WARN_DEPRECATED_OBJC_IMPLEMENTATIONS = YES;
				CLANG_WARN_DIRECT_OBJC_ISA_USAGE = YES_ERROR;
				CLANG_WARN_DOCUMENTATION_COMMENTS = YES;
				CLANG_WARN_EMPTY_BODY = YES;
				CLANG_WARN_ENUM_CONVERSION = YES;
				CLANG_WARN_INFINITE_RECURSION = YES;
				CLANG_WARN_INT_CONVERSION = YES;
				CLANG_WARN_NON_LITERAL_NULL_CONVERSION = YES;
				CLANG_WARN_OBJC_IMPLICIT_RETAIN_SELF = YES;
				CLANG_WARN_OBJC_LITERAL_CONVERSION = YES;
				CLANG_WARN_OBJC_ROOT_CLASS = YES_ERROR;
				CLANG_WARN_QUOTED_INCLUDE_IN_FRAMEWORK_HEADER = YES;
				CLANG_WARN_RANGE_LOOP_ANALYSIS = YES;
				CLANG_WARN_STRICT_PROTOTYPES = YES;
				CLANG_WARN_SUSPICIOUS_MOVE = YES;
				CLANG_WARN_UNGUARDED_AVAILABILITY = YES_AGGRESSIVE;
				CLANG_WARN_UNREACHABLE_CODE = YES;
				CLANG_WARN__DUPLICATE_METHOD_MATCH = YES;
				COPY_PHASE_STRIP = NO;
				DEBUG_INFORMATION_FORMAT = "dwarf-with-dsym";
				ENABLE_NS_ASSERTIONS = NO;
				ENABLE_STRICT_OBJC_MSGSEND = YES;
				ENABLE_USER_SCRIPT_SANDBOXING = YES;
				GCC_C_LANGUAGE_STANDARD = gnu17;
				GCC_NO_COMMON_BLOCKS = YES;
				GCC_WARN_64_TO_32_BIT_CONVERSION = YES;
				GCC_WARN_ABOUT_RETURN_TYPE = YES_ERROR;
				GCC_WARN_UNDECLARED_SELECTOR = YES;
				GCC_WARN_UNINITIALIZED_AUTOS = YES_AGGRESSIVE;
				GCC_WARN_UNUSED_FUNCTION = YES;
				GCC_WARN_UNUSED_VARIABLE = YES;
				LOCALIZATION_PREFERS_STRING_CATALOGS = YES;
				MACOSX_DEPLOYMENT_TARGET = 13.0;
				MTL_ENABLE_DEBUG_INFO = NO;
				MTL_FAST_MATH = YES;
				SDKROOT = macosx;
				SWIFT_COMPILATION_MODE = wholemodule;
			};
			name = Release;
		};
		7DE12D6D2DA1D1650000F6A2 /* Debug */ = {
			isa = XCBuildConfiguration;
			buildSettings = {
				ASSETCATALOG_COMPILER_APPICON_NAME = AppIcon;
				ASSETCATALOG_COMPILER_GLOBAL_ACCENT_COLOR_NAME = AccentColor;
				CODE_SIGN_STYLE = Manual;
				COMBINE_HIDPI_IMAGES = YES;
				CURRENT_PROJECT_VERSION = 1;
				ENABLE_PREVIEWS = YES;
				GENERATE_INFOPLIST_FILE = YES;
				INFOPLIST_FILE = MultiPing/Info.plist;
				INFOPLIST_KEY_NSHumanReadableCopyright = "";
				LD_RUNPATH_SEARCH_PATHS = (
					"$(inherited)",
					"@executable_path/../Frameworks",
				);
				MARKETING_VERSION = 1.0;
				PRODUCT_BUNDLE_IDENTIFIER = "-.MultiPing";
				PRODUCT_NAME = "$(TARGET_NAME)";
				REGISTER_APP_GROUPS = YES;
				SWIFT_EMIT_LOC_STRINGS = YES;
				SWIFT_VERSION = 5.9;
			};
			name = Debug;
		};
		7DE12D6E2DA1D1650000F6A2 /* Release */ = {
			isa = XCBuildConfiguration;
			buildSettings = {
				ASSETCATALOG_COMPILER_APPICON_NAME = AppIcon;
				ASSETCATALOG_COMPILER_GLOBAL_ACCENT_COLOR_NAME = AccentColor;
				CODE_SIGN_STYLE = Manual;
				COMBINE_HIDPI_IMAGES = YES;
				CURRENT_PROJECT_VERSION = 1;
				ENABLE_PREVIEWS = YES;
				GENERATE_INFOPLIST_FILE = YES;
				INFOPLIST_FILE = MultiPing/Info.plist;
				INFOPLIST_KEY_NSHumanReadableCopyright = "";
				LD_RUNPATH_SEARCH_PATHS = (
					"$(inherited)",
					"@executable_path/../Frameworks",
				);
				MARKETING_VERSION = 1.0;
				PRODUCT_BUNDLE_IDENTIFIER = "-.MultiPing";
				PRODUCT_NAME = "$(TARGET_NAME)";
				REGISTER_APP_GROUPS = YES;
				SWIFT_EMIT_LOC_STRINGS = YES;
				SWIFT_VERSION = 5.9;
			};
			name = Release;
		};
		7DE12D702DA1D1650000F6A2 /* Debug */ = {
			isa = XCBuildConfiguration;
			buildSettings = {
				BUNDLE_LOADER = "$(TEST_HOST)";
				CODE_SIGN_STYLE = Automatic;
				CURRENT_PROJECT_VERSION = 1;
				GENERATE_INFOPLIST_FILE = YES;
				MACOSX_DEPLOYMENT_TARGET = 13.0;
				MARKETING_VERSION = 1.0;
				PRODUCT_BUNDLE_IDENTIFIER = "-.MultiPingTests";
				PRODUCT_NAME = "$(TARGET_NAME)";
				SWIFT_EMIT_LOC_STRINGS = NO;
				SWIFT_VERSION = 5.9;
				TEST_HOST = "$(BUILT_PRODUCTS_DIR)/MultiPing.app/$(BUNDLE_EXECUTABLE_FOLDER_PATH)/MultiPing";
			};
			name = Debug;
		};
		7DE12D712DA1D1650000F6A2 /* Release */ = {
			isa = XCBuildConfiguration;
			buildSettings = {
				BUNDLE_LOADER = "$(TEST_HOST)";
				CODE_SIGN_STYLE = Automatic;
				CURRENT_PROJECT_VERSION = 1;
				GENERATE_INFOPLIST_FILE = YES;
				MACOSX_DEPLOYMENT_TARGET = 13.0;
				MARKETING_VERSION = 1.0;
				PRODUCT_BUNDLE_IDENTIFIER = "-.MultiPingTests";
				PRODUCT_NAME = "$(TARGET_NAME)";
				SWIFT_EMIT_LOC_STRINGS = NO;
				SWIFT_VERSION = 5.9;
				TEST_HOST = "$(BUILT_PRODUCTS_DIR)/MultiPing.app/$(BUNDLE_EXECUTABLE_FOLDER_PATH)/MultiPing";
			};
			name = Release;
		};
		7DE12D732DA1D1650000F6A2 /* Debug */ = {
			isa = XCBuildConfiguration;
			buildSettings = {
				CODE_SIGN_STYLE = Automatic;
				CURRENT_PROJECT_VERSION = 1;
				GENERATE_INFOPLIST_FILE = YES;
				MARKETING_VERSION = 1.0;
				PRODUCT_BUNDLE_IDENTIFIER = "-.MultiPingUITests";
				PRODUCT_NAME = "$(TARGET_NAME)";
				SWIFT_EMIT_LOC_STRINGS = NO;
				SWIFT_VERSION = 5.9;
				TEST_TARGET_NAME = MultiPing;
			};
			name = Debug;
		};
		7DE12D742DA1D1650000F6A2 /* Release */ = {
			isa = XCBuildConfiguration;
			buildSettings = {
				CODE_SIGN_STYLE = Automatic;
				CURRENT_PROJECT_VERSION = 1;
				GENERATE_INFOPLIST_FILE = YES;
				MARKETING_VERSION = 1.0;
				PRODUCT_BUNDLE_IDENTIFIER = "-.MultiPingUITests";
				PRODUCT_NAME = "$(TARGET_NAME)";
				SWIFT_EMIT_LOC_STRINGS = NO;
				SWIFT_VERSION = 5.9;
				TEST_TARGET_NAME = MultiPing;
			};
			name = Release;
		};
/* End XCBuildConfiguration section */

/* Begin XCConfigurationList section */
		7DE12D452DA1D1640000F6A2 /* Build configuration list for PBXProject "MultiPing" */ = {
			isa = XCConfigurationList;
			buildConfigurations = (
				7DE12D6A2DA1D1650000F6A2 /* Debug */,
				7DE12D6B2DA1D1650000F6A2 /* Release */,
			);
			defaultConfigurationIsVisible = 0;
			defaultConfigurationName = Release;
		};
		7DE12D6C2DA1D1650000F6A2 /* Build configuration list for PBXNativeTarget "MultiPing" */ = {
			isa = XCConfigurationList;
			buildConfigurations = (
				7DE12D6D2DA1D1650000F6A2 /* Debug */,
				7DE12D6E2DA1D1650000F6A2 /* Release */,
			);
			defaultConfigurationIsVisible = 0;
			defaultConfigurationName = Release;
		};
		7DE12D6F2DA1D1650000F6A2 /* Build configuration list for PBXNativeTarget "MultiPingTests" */ = {
			isa = XCConfigurationList;
			buildConfigurations = (
				7DE12D702DA1D1650000F6A2 /* Debug */,
				7DE12D712DA1D1650000F6A2 /* Release */,
			);
			defaultConfigurationIsVisible = 0;
			defaultConfigurationName = Release;
		};
		7DE12D722DA1D1650000F6A2 /* Build configuration list for PBXNativeTarget "MultiPingUITests" */ = {
			isa = XCConfigurationList;
			buildConfigurations = (
				7DE12D732DA1D1650000F6A2 /* Debug */,
				7DE12D742DA1D1650000F6A2 /* Release */,
			);
			defaultConfigurationIsVisible = 0;
			defaultConfigurationName = Release;
		};
/* End XCConfigurationList section */
	};
	rootObject = 7DE12D422DA1D1640000F6A2 /* Project object */;
}
